
Microsoft Visual Studio Solution File, Format Version 12.00
# Visual Studio Version 17
VisualStudioVersion = 17.2.32526.322
MinimumVisualStudioVersion = 10.0.40219.1
Project("{FAE04EC0-301F-11D3-BF4B-00C04F79EFBC}") = "WebApplicationStudentd", "WebApplicationStudentd\WebApplicationStudentd.csproj", "{EC45CCF3-F121-4F25-A134-E521DAD9154A}"
EndProject
Global
	GlobalSection(SolutionConfigurationPlatforms) = preSolution
		Debug|Any CPU = Debug|Any CPU
		Release|Any CPU = Release|Any CPU
	EndGlobalSection
	GlobalSection(ProjectConfigurationPlatforms) = postSolution
		{EC45CCF3-F121-4F25-A134-E521DAD9154A}.Debug|Any CPU.ActiveCfg = Debug|Any CPU
		{EC45CCF3-F121-4F25-A134-E521DAD9154A}.Debug|Any CPU.Build.0 = Debug|Any CPU
		{EC45CCF3-F121-4F25-A134-E521DAD9154A}.Release|Any CPU.ActiveCfg = Release|Any CPU
		{EC45CCF3-F121-4F25-A134-E521DAD9154A}.Release|Any CPU.Build.0 = Release|Any CPU
	EndGlobalSection
	GlobalSection(SolutionProperties) = preSolution
		HideSolutionNode = FALSE
	EndGlobalSection
	GlobalSection(ExtensibilityGlobals) = postSolution
		SolutionGuid = {E0246A2E-5E72-4900-9189-D1608D9A9A1B}
	EndGlobalSection
EndGlobal
